
Microsoft Visual Studio Solution File, Format Version 12.00
# Visual Studio 14
VisualStudioVersion = 14.0.23107.0
MinimumVisualStudioVersion = 10.0.40219.1
Project("{FAE04EC0-301F-11D3-BF4B-00C04F79EFBC}") = "Attribute.PowerShell.Common", "Attribute.PowerShell.Common\Attribute.PowerShell.Common.csproj", "{E8F56C0C-8BAA-4C8B-847B-C3996F75DC3C}"
EndProject
Project("{FAE04EC0-301F-11D3-BF4B-00C04F79EFBC}") = "Attribute.Common", "Attribute.Common\Attribute.Common.csproj", "{A12D21BC-80A4-4A66-9260-ED41C363E37C}"
EndProject
Project("{FAE04EC0-301F-11D3-BF4B-00C04F79EFBC}") = "Attribute.Hooks.Windows", "Attribute.Hooks\Attribute.Hooks.Windows.csproj", "{4E68E673-6BC1-4421-B9F3-3E6DF75DFC73}"
EndProject
Project("{FAE04EC0-301F-11D3-BF4B-00C04F79EFBC}") = "Attribute.Speech", "Attribute.Speech\Attribute.Speech.csproj", "{59128BFC-A186-47B8-8A82-F5906D25D13F}"
EndProject
Global
	GlobalSection(SolutionConfigurationPlatforms) = preSolution
		Debug|Any CPU = Debug|Any CPU
		Release|Any CPU = Release|Any CPU
	EndGlobalSection
	GlobalSection(ProjectConfigurationPlatforms) = postSolution
		{E8F56C0C-8BAA-4C8B-847B-C3996F75DC3C}.Debug|Any CPU.ActiveCfg = Debug|Any CPU
		{E8F56C0C-8BAA-4C8B-847B-C3996F75DC3C}.Debug|Any CPU.Build.0 = Debug|Any CPU
		{E8F56C0C-8BAA-4C8B-847B-C3996F75DC3C}.Release|Any CPU.ActiveCfg = Release|Any CPU
		{E8F56C0C-8BAA-4C8B-847B-C3996F75DC3C}.Release|Any CPU.Build.0 = Release|Any CPU
		{A12D21BC-80A4-4A66-9260-ED41C363E37C}.Debug|Any CPU.ActiveCfg = Debug|Any CPU
		{A12D21BC-80A4-4A66-9260-ED41C363E37C}.Debug|Any CPU.Build.0 = Debug|Any CPU
		{A12D21BC-80A4-4A66-9260-ED41C363E37C}.Release|Any CPU.ActiveCfg = Release|Any CPU
		{A12D21BC-80A4-4A66-9260-ED41C363E37C}.Release|Any CPU.Build.0 = Release|Any CPU
		{4E68E673-6BC1-4421-B9F3-3E6DF75DFC73}.Debug|Any CPU.ActiveCfg = Debug|Any CPU
		{4E68E673-6BC1-4421-B9F3-3E6DF75DFC73}.Debug|Any CPU.Build.0 = Debug|Any CPU
		{4E68E673-6BC1-4421-B9F3-3E6DF75DFC73}.Release|Any CPU.ActiveCfg = Release|Any CPU
		{4E68E673-6BC1-4421-B9F3-3E6DF75DFC73}.Release|Any CPU.Build.0 = Release|Any CPU
		{59128BFC-A186-47B8-8A82-F5906D25D13F}.Debug|Any CPU.ActiveCfg = Debug|Any CPU
		{59128BFC-A186-47B8-8A82-F5906D25D13F}.Debug|Any CPU.Build.0 = Debug|Any CPU
		{59128BFC-A186-47B8-8A82-F5906D25D13F}.Release|Any CPU.ActiveCfg = Release|Any CPU
		{59128BFC-A186-47B8-8A82-F5906D25D13F}.Release|Any CPU.Build.0 = Release|Any CPU
	EndGlobalSection
	GlobalSection(SolutionProperties) = preSolution
		HideSolutionNode = FALSE
	EndGlobalSection
EndGlobal
